
Microsoft Visual Studio Solution File, Format Version 12.00
# Visual Studio Version 17
VisualStudioVersion = 17.4.33103.184
MinimumVisualStudioVersion = 10.0.40219.1
Project("{FAE04EC0-301F-11D3-BF4B-00C04F79EFBC}") = "MyApplication1", "MyApplication1\MyApplication1.csproj", "{1AB7CA52-A7B1-4264-80E8-AF3EE31217AD}"
EndProject
Global
	GlobalSection(SolutionConfigurationPlatforms) = preSolution
		Debug|Any CPU = Debug|Any CPU
		Release|Any CPU = Release|Any CPU
	EndGlobalSection
	GlobalSection(ProjectConfigurationPlatforms) = postSolution
		{1AB7CA52-A7B1-4264-80E8-AF3EE31217AD}.Debug|Any CPU.ActiveCfg = Debug|Any CPU
		{1AB7CA52-A7B1-4264-80E8-AF3EE31217AD}.Debug|Any CPU.Build.0 = Debug|Any CPU
		{1AB7CA52-A7B1-4264-80E8-AF3EE31217AD}.Release|Any CPU.ActiveCfg = Release|Any CPU
		{1AB7CA52-A7B1-4264-80E8-AF3EE31217AD}.Release|Any CPU.Build.0 = Release|Any CPU
	EndGlobalSection
	GlobalSection(SolutionProperties) = preSolution
		HideSolutionNode = FALSE
	EndGlobalSection
	GlobalSection(ExtensibilityGlobals) = postSolution
		SolutionGuid = {6DB9F72C-FFF1-40EF-9998-21B01358092A}
	EndGlobalSection
EndGlobal
